
Microsoft Visual Studio Solution File, Format Version 12.00
# Visual Studio Version 17
VisualStudioVersion = 17.14.36408.4 d17.14
MinimumVisualStudioVersion = 10.0.40219.1
Project("{FAE04EC0-301F-11D3-BF4B-00C04F79EFBC}") = "ImageValue", "ImageValue\ImageValue.csproj", "{73103C66-6716-40D4-A06A-6C1F2154C21F}"
EndProject
Global
	GlobalSection(SolutionConfigurationPlatforms) = preSolution
		Debug|Any CPU = Debug|Any CPU
		Release|Any CPU = Release|Any CPU
	EndGlobalSection
	GlobalSection(ProjectConfigurationPlatforms) = postSolution
		{73103C66-6716-40D4-A06A-6C1F2154C21F}.Debug|Any CPU.ActiveCfg = Debug|Any CPU
		{73103C66-6716-40D4-A06A-6C1F2154C21F}.Debug|Any CPU.Build.0 = Debug|Any CPU
		{73103C66-6716-40D4-A06A-6C1F2154C21F}.Release|Any CPU.ActiveCfg = Release|Any CPU
		{73103C66-6716-40D4-A06A-6C1F2154C21F}.Release|Any CPU.Build.0 = Release|Any CPU
	EndGlobalSection
	GlobalSection(SolutionProperties) = preSolution
		HideSolutionNode = FALSE
	EndGlobalSection
	GlobalSection(ExtensibilityGlobals) = postSolution
		SolutionGuid = {E252E98B-DE24-43DC-98BE-9043BC8FDB7E}
	EndGlobalSection
EndGlobal
